PODS:
  - BTNavigationDropdownMenu (0.4.1)
  - IGColorPicker (0.3.0):
    - M13Checkbox (~> 2.2.0)
  - M13Checkbox (2.2.6)
  - ReachabilitySwift (4.1.0)

DEPENDENCIES:
  - BTNavigationDropdownMenu
  - IGColorPicker
  - ReachabilitySwift

SPEC REPOS:
  https://github.com/CocoaPods/Specs.git:
    - BTNavigationDropdownMenu
    - IGColorPicker
    - M13Checkbox
    - ReachabilitySwift

SPEC CHECKSUMS:
  BTNavigationDropdownMenu: 093f3cbfad1572f2c222bdf8d17584d1e13380d4
  IGColorPicker: 645a9523b5ff756bf29e0a858d2fe06ea7b910ff
  M13Checkbox: 9989b7e275f18493bd33b960dc68374c47d0027b
  ReachabilitySwift: 6849231cd4e06559f3b9ef4a97a0a0f96d41e09f

PODFILE CHECKSUM: 0d984c5ad121aeac4f5c3ac65932c2d32cd88d5c

COCOAPODS: 1.5.0
